{
  "version": 4,
  "terraform_version": "1.3.0",
  "serial": 29,
  "lineage": "871f69e4-167b-e56d-0608-3901cc62b4c9",
  "outputs": {
    "external_ip_address_vm_1": {
      "value": "51.250.104.120",
      "type": "string"
    },
    "internal_ip_address_vm_1": {
      "value": "192.168.10.34",
      "type": "string"
    }
  },
  "resources": [
    {
      "mode": "managed",
      "type": "yandex_compute_instance",
      "name": "vm-1",
      "provider": "provider[\"registry.terraform.io/yandex-cloud/yandex\"]",
      "instances": [
        {
          "schema_version": 1,
          "attributes": {
            "allow_recreate": null,
            "allow_stopping_for_update": null,
            "boot_disk": [
              {
                "auto_delete": true,
                "device_name": "epdsv313f51cjg1kklvj",
                "disk_id": "epdsv313f51cjg1kklvj",
                "initialize_params": [
                  {
                    "block_size": 4096,
                    "description": "",
                    "image_id": "fd8lf95uopek213iph4j",
                    "name": "",
                    "size": 30,
                    "snapshot_id": "",
                    "type": "network-hdd"
                  }
                ],
                "mode": "READ_WRITE"
              }
            ],
            "created_at": "2022-09-26T21:20:09Z",
            "description": "",
            "folder_id": "b1gikuat2qu2j0kjkpso",
            "fqdn": "epdh6eo5pggua26rjeoh.auto.internal",
            "hostname": "",
            "id": "epdh6eo5pggua26rjeoh",
            "labels": {},
            "local_disk": [],
            "metadata": {},
            "name": "terraform-devops",
            "network_acceleration_type": "standard",
            "network_interface": [
              {
                "dns_record": [],
                "index": 0,
                "ip_address": "192.168.10.34",
                "ipv4": true,
                "ipv6": false,
                "ipv6_address": "",
                "ipv6_dns_record": [],
                "mac_address": "d0:0d:11:33:b0:5c",
                "nat": true,
                "nat_dns_record": [],
                "nat_ip_address": "51.250.104.120",
                "nat_ip_version": "IPV4",
                "security_group_ids": [],
                "subnet_id": "e2lqh7t276t2m2jbpqqe"
              }
            ],
            "placement_policy": [
              {
                "host_affinity_rules": [],
                "placement_group_id": ""
              }
            ],
            "platform_id": "standard-v1",
            "resources": [
              {
                "core_fraction": 100,
                "cores": 2,
                "gpus": 0,
                "memory": 2
              }
            ],
            "scheduling_policy": [
              {
                "preemptible": false
              }
            ],
            "secondary_disk": [],
            "service_account_id": "",
            "status": "running",
            "timeouts": null,
            "zone": "ru-central1-b"
          },
          "sensitive_attributes": [],
          "private": "eyJlMmJmYjczMC1lY2FhLTExZTYtOGY4OC0zNDM2M2JjN2M0YzAiOnsiY3JlYXRlIjozMDAwMDAwMDAwMDAsImRlbGV0ZSI6MzAwMDAwMDAwMDAwLCJ1cGRhdGUiOjMwMDAwMDAwMDAwMH0sInNjaGVtYV92ZXJzaW9uIjoiMSJ9",
          "dependencies": [
            "yandex_vpc_network.network-1",
            "yandex_vpc_subnet.subnet-1"
          ]
        }
      ]
    },
    {
      "mode": "managed",
      "type": "yandex_vpc_network",
      "name": "network-1",
      "provider": "provider[\"registry.terraform.io/yandex-cloud/yandex\"]",
      "instances": [
        {
          "schema_version": 0,
          "attributes": {
            "created_at": "2022-09-26T21:11:07Z",
            "default_security_group_id": "",
            "description": "",
            "folder_id": "b1gikuat2qu2j0kjkpso",
            "id": "enp04f2of8lm4f3lngu3",
            "labels": {},
            "name": "network1",
            "subnet_ids": [
              "e2lqh7t276t2m2jbpqqe"
            ],
            "timeouts": null
          },
          "sensitive_attributes": [],
          "private": "eyJlMmJmYjczMC1lY2FhLTExZTYtOGY4OC0zNDM2M2JjN2M0YzAiOnsiY3JlYXRlIjo2MDAwMDAwMDAwMCwiZGVsZXRlIjo2MDAwMDAwMDAwMCwidXBkYXRlIjo2MDAwMDAwMDAwMH19"
        }
      ]
    },
    {
      "mode": "managed",
      "type": "yandex_vpc_subnet",
      "name": "subnet-1",
      "provider": "provider[\"registry.terraform.io/yandex-cloud/yandex\"]",
      "instances": [
        {
          "schema_version": 0,
          "attributes": {
            "created_at": "2022-09-26T21:20:08Z",
            "description": "",
            "dhcp_options": [],
            "folder_id": "b1gikuat2qu2j0kjkpso",
            "id": "e2lqh7t276t2m2jbpqqe",
            "labels": {},
            "name": "subnet1",
            "network_id": "enp04f2of8lm4f3lngu3",
            "route_table_id": "",
            "timeouts": null,
            "v4_cidr_blocks": [
              "192.168.10.0/24"
            ],
            "v6_cidr_blocks": [],
            "zone": "ru-central1-b"
          },
          "sensitive_attributes": [],
          "private": "eyJlMmJmYjczMC1lY2FhLTExZTYtOGY4OC0zNDM2M2JjN2M0YzAiOnsiY3JlYXRlIjoxODAwMDAwMDAwMDAsImRlbGV0ZSI6MTgwMDAwMDAwMDAwLCJ1cGRhdGUiOjE4MDAwMDAwMDAwMH19",
          "dependencies": [
            "yandex_vpc_network.network-1"
          ]
        }
      ]
    }
  ],
  "check_results": []
}
